
Microsoft Visual Studio Solution File, Format Version 12.00
# Visual Studio Version 16
VisualStudioVersion = 16.0.31729.503
MinimumVisualStudioVersion = 10.0.40219.1
Project("{FAE04EC0-301F-11D3-BF4B-00C04F79EFBC}") = "Lab4_2", "Lab4_2\Lab4_2.csproj", "{0749755E-8425-4AC6-AD9C-F3F4669D6BB3}"
EndProject
Global
	GlobalSection(SolutionConfigurationPlatforms) = preSolution
		Debug|Any CPU = Debug|Any CPU
		Release|Any CPU = Release|Any CPU
	EndGlobalSection
	GlobalSection(ProjectConfigurationPlatforms) = postSolution
		{0749755E-8425-4AC6-AD9C-F3F4669D6BB3}.Debug|Any CPU.ActiveCfg = Debug|Any CPU
		{0749755E-8425-4AC6-AD9C-F3F4669D6BB3}.Debug|Any CPU.Build.0 = Debug|Any CPU
		{0749755E-8425-4AC6-AD9C-F3F4669D6BB3}.Release|Any CPU.ActiveCfg = Release|Any CPU
		{0749755E-8425-4AC6-AD9C-F3F4669D6BB3}.Release|Any CPU.Build.0 = Release|Any CPU
	EndGlobalSection
	GlobalSection(SolutionProperties) = preSolution
		HideSolutionNode = FALSE
	EndGlobalSection
	GlobalSection(ExtensibilityGlobals) = postSolution
		SolutionGuid = {AE0EE015-4854-46A1-BA21-10AB31FF1ED9}
	EndGlobalSection
EndGlobal
